<?xml version="1.0" encoding="utf-8"?>
<Project ToolsVersion="4.0" xmlns="http://schemas.microsoft.com/developer/msbuild/2003">
  <ItemGroup>
    <Filter Include="src">
      <UniqueIdentifier>{4FC737F1-C7A5-4376-A066-2A32D752A2FF}</UniqueIdentifier>
      <Extensions>cpp;c;cc;cxx;def;odl;idl;hpj;bat;asm;asmx</Extensions>
    </Filter>
    <Filter Include="lib">
      <UniqueIdentifier>{c8b900bd-0577-4e5e-be67-81a51ff0b6db}</UniqueIdentifier>
    </Filter>
    <Filter Include="resources">
      <UniqueIdentifier>{5cec5939-e712-469f-badd-9ad0fc3558df}</UniqueIdentifier>
    </Filter>
    <Filter Include="src\ai">
      <UniqueIdentifier>{c166cb90-9481-49fd-9320-05320e8e05b7}</UniqueIdentifier>
    </Filter>
    <Filter Include="src\civilization">
      <UniqueIdentifier>{fd4beeb5-6697-4ba1-b236-7f593c43071f}</UniqueIdentifier>
    </Filter>
    <Filter Include="src\element">
      <UniqueIdentifier>{73a29b61-be4c-43a4-b1a6-2a181ae710ef}</UniqueIdentifier>
    </Filter>
    <Filter Include="src\element\character">
      <UniqueIdentifier>{27f8a5c5-b24a-4538-8a40-60c7208eb1e6}</UniqueIdentifier>
    </Filter>
    <Filter Include="src\element\character\individual">
      <UniqueIdentifier>{b726c2f0-4d13-451e-b537-a02e82ebf18a}</UniqueIdentifier>
    </Filter>
    <Filter Include="src\element\environment">
      <UniqueIdentifier>{368b0fa7-6e63-4da6-a959-0b9ad8ccdc2e}</UniqueIdentifier>
    </Filter>
    <Filter Include="src\element\object">
      <UniqueIdentifier>{30f0794c-2592-462f-bdd1-359e52c7984b}</UniqueIdentifier>
    </Filter>
    <Filter Include="src\engine">
      <UniqueIdentifier>{f3617e0b-4778-43fa-b7ad-2bbf890d524d}</UniqueIdentifier>
    </Filter>
    <Filter Include="src\engine\process">
      <UniqueIdentifier>{b15b0fba-65ef-484e-8179-6a61f804224d}</UniqueIdentifier>
    </Filter>
    <Filter Include="src\utils">
      <UniqueIdentifier>{40fec4de-1cc1-4339-a95e-e22e7df52590}</UniqueIdentifier>
    </Filter>
    <Filter Include="src\world">
      <UniqueIdentifier>{70bdd980-8717-43d5-a2c3-7eca6b93e646}</UniqueIdentifier>
    </Filter>
    <Filter Include="src\world\generation">
      <UniqueIdentifier>{c95d2e84-34b8-492a-9fe8-67e6448ab34b}</UniqueIdentifier>
    </Filter>
    <Filter Include="src\world\generation\constraint">
      <UniqueIdentifier>{b7f8ed7a-873f-4cd5-8d16-638513c57647}</UniqueIdentifier>
    </Filter>
  </ItemGroup>
  <ItemGroup>
    <ClInclude Include="lib\easylogging++.h">
      <Filter>lib</Filter>
    </ClInclude>
    <ClInclude Include="src\Parameters.h">
      <Filter>src</Filter>
    </ClInclude>
    <ClInclude Include="src\resource.h">
      <Filter>resources</Filter>
    </ClInclude>
    <ClInclude Include="src\ai\AI.h">
      <Filter>src\ai</Filter>
    </ClInclude>
    <ClInclude Include="src\ai\AtomAI.h">
      <Filter>src\ai</Filter>
    </ClInclude>
    <ClInclude Include="src\ai\Order.h">
      <Filter>src\ai</Filter>
    </ClInclude>
    <ClInclude Include="src\civilization\CivController.h">
      <Filter>src\civilization</Filter>
    </ClInclude>
    <ClInclude Include="src\civilization\Civilization.h">
      <Filter>src\civilization</Filter>
    </ClInclude>
    <ClInclude Include="src\element\character\individual\FullMapKnowledge.h">
      <Filter>src\element\character\individual</Filter>
    </ClInclude>
    <ClInclude Include="src\element\character\individual\MapKnowledge.h">
      <Filter>src\element\character\individual</Filter>
    </ClInclude>
    <ClInclude Include="src\element\character\individual\RangeOfSight.h">
      <Filter>src\element\character\individual</Filter>
    </ClInclude>
    <ClInclude Include="src\element\character\Character.h">
      <Filter>src\element\character</Filter>
    </ClInclude>
    <ClInclude Include="src\element\environment\Environment.h">
      <Filter>src\element\environment</Filter>
    </ClInclude>
    <ClInclude Include="src\element\object\Object.h">
      <Filter>src\element\object</Filter>
    </ClInclude>
    <ClInclude Include="src\element\object\Plant.h">
      <Filter>src\element\object</Filter>
    </ClInclude>
    <ClInclude Include="src\element\GraphicalElement.h">
      <Filter>src\element</Filter>
    </ClInclude>
    <ClInclude Include="src\engine\Assets.h">
      <Filter>src\engine</Filter>
    </ClInclude>
    <ClInclude Include="src\engine\Camera.h">
      <Filter>src\engine</Filter>
    </ClInclude>
    <ClInclude Include="src\engine\Display.h">
      <Filter>src\engine</Filter>
    </ClInclude>
    <ClInclude Include="src\engine\DisplayInfo.h">
      <Filter>src\engine</Filter>
    </ClInclude>
    <ClInclude Include="src\engine\GameLoop.h">
      <Filter>src\engine</Filter>
    </ClInclude>
    <ClInclude Include="src\engine\Keyboard.h">
      <Filter>src\engine</Filter>
    </ClInclude>
    <ClInclude Include="src\engine\Mouse.h">
      <Filter>src\engine</Filter>
    </ClInclude>
    <ClInclude Include="src\engine\process\MoveProcess.h">
      <Filter>src\engine\process</Filter>
    </ClInclude>
    <ClInclude Include="src\engine\process\Process.h">
      <Filter>src\engine\process</Filter>
    </ClInclude>
    <ClInclude Include="src\utils\Array2D.h">
      <Filter>src\utils</Filter>
    </ClInclude>
    <ClInclude Include="src\utils\Direction.h">
      <Filter>src\utils</Filter>
    </ClInclude>
    <ClInclude Include="src\utils\Elem2D.h">
      <Filter>src\utils</Filter>
    </ClInclude>
    <ClInclude Include="src\utils\FatalErrorDialog.h">
      <Filter>src\utils</Filter>
    </ClInclude>
    <ClInclude Include="src\utils\JSONUtils.h">
      <Filter>src\utils</Filter>
    </ClInclude>
    <ClInclude Include="src\utils\MathUtils.h">
      <Filter>src\utils</Filter>
    </ClInclude>
    <ClInclude Include="src\utils\Position.h">
      <Filter>src\utils</Filter>
    </ClInclude>
    <ClInclude Include="src\utils\ProgressLogger.h">
      <Filter>src\utils</Filter>
    </ClInclude>
    <ClInclude Include="src\utils\Random.h">
      <Filter>src\utils</Filter>
    </ClInclude>
    <ClInclude Include="src\world\generation\constraint\Constraint.h">
      <Filter>src\world\generation\constraint</Filter>
    </ClInclude>
    <ClInclude Include="src\world\generation\constraint\ConstraintWithStrength.h">
      <Filter>src\world\generation\constraint</Filter>
    </ClInclude>
    <ClInclude Include="src\world\generation\constraint\DistanceFromCenter.h">
      <Filter>src\world\generation\constraint</Filter>
    </ClInclude>
    <ClInclude Include="src\world\generation\constraint\DistanceFromEquator.h">
      <Filter>src\world\generation\constraint</Filter>
    </ClInclude>
    <ClInclude Include="src\world\generation\constraint\EnvironmentIs.h">
      <Filter>src\world\generation\constraint</Filter>
    </ClInclude>
    <ClInclude Include="src\world\generation\constraint\EnvironmentIsAmong.h">
      <Filter>src\world\generation\constraint</Filter>
    </ClInclude>
    <ClInclude Include="src\world\generation\constraint\NeighbouringEnvAttraction.h">
      <Filter>src\world\generation\constraint</Filter>
    </ClInclude>
    <ClInclude Include="src\world\generation\constraint\NeighbouringEnvConstraint.h">
      <Filter>src\world\generation\constraint</Filter>
    </ClInclude>
    <ClInclude Include="src\world\generation\constraint\NeighbouringEnvLimits.h">
      <Filter>src\world\generation\constraint</Filter>
    </ClInclude>
    <ClInclude Include="src\world\Map.h">
      <Filter>src\world</Filter>
    </ClInclude>
    <ClInclude Include="src\world\Tile.h">
      <Filter>src\world</Filter>
    </ClInclude>
    <ClInclude Include="src\world\World.h">
      <Filter>src\world</Filter>
    </ClInclude>
    <ClInclude Include="src\element\character\individual\Individual.h">
      <Filter>src\element\character\individual</Filter>
    </ClInclude>
    <ClInclude Include="src\ai\WorldPerception.h">
      <Filter>src\ai</Filter>
    </ClInclude>
    <ClInclude Include="src\world\generation\MapGenerator.h">
      <Filter>src\world\generation</Filter>
    </ClInclude>
    <ClInclude Include="src\world\generation\Phase.h">
      <Filter>src\world\generation</Filter>
    </ClInclude>
  </ItemGroup>
  <ItemGroup>
    <ClCompile Include="src\Xerof.cpp">
      <Filter>src</Filter>
    </ClCompile>
    <ClCompile Include="src\ai\AtomAI.cpp">
      <Filter>src\ai</Filter>
    </ClCompile>
    <ClCompile Include="src\ai\Order.cpp">
      <Filter>src\ai</Filter>
    </ClCompile>
    <ClCompile Include="src\civilization\CivController.cpp">
      <Filter>src\civilization</Filter>
    </ClCompile>
    <ClCompile Include="src\civilization\Civilization.cpp">
      <Filter>src\civilization</Filter>
    </ClCompile>
    <ClCompile Include="src\element\character\individual\MapKnowledge.cpp">
      <Filter>src\element\character\individual</Filter>
    </ClCompile>
    <ClCompile Include="src\element\character\individual\RangeOfSight.cpp">
      <Filter>src\element\character\individual</Filter>
    </ClCompile>
    <ClCompile Include="src\engine\Assets.cpp">
      <Filter>src\engine</Filter>
    </ClCompile>
    <ClCompile Include="src\engine\Camera.cpp">
      <Filter>src\engine</Filter>
    </ClCompile>
    <ClCompile Include="src\engine\Display.cpp">
      <Filter>src\engine</Filter>
    </ClCompile>
    <ClCompile Include="src\engine\DisplayInfo.cpp">
      <Filter>src\engine</Filter>
    </ClCompile>
    <ClCompile Include="src\engine\GameLoop.cpp">
      <Filter>src\engine</Filter>
    </ClCompile>
    <ClCompile Include="src\engine\Keyboard.cpp">
      <Filter>src\engine</Filter>
    </ClCompile>
    <ClCompile Include="src\engine\Mouse.cpp">
      <Filter>src\engine</Filter>
    </ClCompile>
    <ClCompile Include="src\engine\process\MoveProcess.cpp">
      <Filter>src\engine\process</Filter>
    </ClCompile>
    <ClCompile Include="src\utils\JSONUtils.cpp">
      <Filter>src\utils</Filter>
    </ClCompile>
    <ClCompile Include="src\utils\Position.cpp">
      <Filter>src\utils</Filter>
    </ClCompile>
    <ClCompile Include="src\world\Tile.cpp">
      <Filter>src\world</Filter>
    </ClCompile>
    <ClCompile Include="src\world\World.cpp">
      <Filter>src\world</Filter>
    </ClCompile>
    <ClCompile Include="src\ai\WorldPerception.cpp">
      <Filter>src\ai</Filter>
    </ClCompile>
    <ClCompile Include="src\world\generation\MapGenerator.cpp">
      <Filter>src\world\generation</Filter>
    </ClCompile>
    <ClCompile Include="src\world\generation\Phase.cpp">
      <Filter>src\world\generation</Filter>
    </ClCompile>
  </ItemGroup>
  <ItemGroup>
    <Text Include="src_doc_helper.txt">
      <Filter>resources</Filter>
    </Text>
  </ItemGroup>
  <ItemGroup>
    <Image Include="assets\xerof.ico">
      <Filter>resources</Filter>
    </Image>
  </ItemGroup>
  <ItemGroup>
    <ResourceCompile Include="Xerof.rc">
      <Filter>resources</Filter>
    </ResourceCompile>
  </ItemGroup>
</Project>